<Solution>
  <Project Path="BikeDemandForecasting/BikeDemandForecasting.csproj" />
  <Project Path="GitHubIssueClassification/GitHubIssueClassification.csproj" />
  <Project Path="MovieRecommender/MovieRecommender.csproj" />
  <Project Path="ProductSalesAnomalyDetection/ProductSalesAnomalyDetection.csproj" />
  <Project Path="SentimentAnalysis/SentimentAnalysis.csproj" />
  <Project Path="TaxiFarePrediction/TaxiFarePrediction.csproj" />
</Solution>
